
Microsoft Visual Studio Solution File, Format Version 12.00
# Visual Studio Version 16
VisualStudioVersion = 16.0.31613.86
MinimumVisualStudioVersion = 10.0.40219.1
Project("{FAE04EC0-301F-11D3-BF4B-00C04F79EFBC}") = "tgiar1730ex1b", "tgiar1730ex1b\tgiar1730ex1b.csproj", "{9E8F68FD-720A-47C9-9E04-6910D6EA6B45}"
EndProject
Project("{FAE04EC0-301F-11D3-BF4B-00C04F79EFBC}") = "tgiar1c1", "tgiar1c1\tgiar1c1.csproj", "{F163B4DB-04A4-467E-9ECD-5CF2EF7CD7DB}"
EndProject
Project("{FAE04EC0-301F-11D3-BF4B-00C04F79EFBC}") = "tgiar1d1", "tgiar1d1\tgiar1d1.csproj", "{62A5F645-A14F-40F6-9A79-8BCAA0EA5EFA}"
EndProject
Project("{FAE04EC0-301F-11D3-BF4B-00C04F79EFBC}") = "tgiar1e1", "tgiar1e1\tgiar1e1.csproj", "{8F6441A8-5F8F-4324-910A-E8937F1542C3}"
EndProject
Project("{FAE04EC0-301F-11D3-BF4B-00C04F79EFBC}") = "tgiar1f1", "tgiar1f\tgiar1f1.csproj", "{3BEE8D30-1522-4B6A-8708-B85AFBC8A9E6}"
EndProject
Project("{FAE04EC0-301F-11D3-BF4B-00C04F79EFBC}") = "variableSamp", "variableSamp\variableSamp.csproj", "{330F83E4-B3FC-4138-BD4A-6484E95B754E}"
EndProject
Project("{FAE04EC0-301F-11D3-BF4B-00C04F79EFBC}") = "tgiar2a1", "tgiar2a1\tgiar2a1.csproj", "{21DB2287-D2F9-4E4F-ABAC-96BBEEC1B43E}"
EndProject
Project("{FAE04EC0-301F-11D3-BF4B-00C04F79EFBC}") = "tgiar2b1", "tgiar2b1\tgiar2b1.csproj", "{6E199BBB-1E40-4143-930C-149DC8FF172A}"
EndProject
Project("{FAE04EC0-301F-11D3-BF4B-00C04F79EFBC}") = "tgiar2d1", "tgiar2d1\tgiar2d1.csproj", "{C3D222AD-8450-4C1F-8EE1-9A758998EBE6}"
EndProject
Project("{FAE04EC0-301F-11D3-BF4B-00C04F79EFBC}") = "tgiar2E1", "tgiar2E1\tgiar2E1.csproj", "{25CC4C89-01A2-4FB4-81C1-42A8E92F25A5}"
EndProject
Project("{FAE04EC0-301F-11D3-BF4B-00C04F79EFBC}") = "tgiar2e1UnitTests", "tgiar2e1UnitTests\tgiar2e1UnitTests.csproj", "{42BF38A1-C7F8-4969-BC61-85066643EC1C}"
EndProject
Project("{FAE04EC0-301F-11D3-BF4B-00C04F79EFBC}") = "tgiar2f1", "tgiar2f1\tgiar2f1.csproj", "{CF925D9B-D4E8-4562-AEB5-86865E81415A}"
EndProject
Project("{FAE04EC0-301F-11D3-BF4B-00C04F79EFBC}") = "tgiar2f1UnitTests", "tgiar2f1UnitTests\tgiar2f1UnitTests.csproj", "{E5A74257-946F-491F-BCEC-340FE833B3BC}"
EndProject
Project("{FAE04EC0-301F-11D3-BF4B-00C04F79EFBC}") = "tgiar2g1", "tgiar1g1\tgiar2g1.csproj", "{38B0B458-8A43-436F-91FB-714843A1DBD9}"
EndProject
Project("{FAE04EC0-301F-11D3-BF4B-00C04F79EFBC}") = "tgiarex2h1", "tgiarex2h1\tgiarex2h1.csproj", "{6581246D-A20A-4CCA-8766-770185C282A0}"
EndProject
Project("{FAE04EC0-301F-11D3-BF4B-00C04F79EFBC}") = "tgiarex2h1.Tests", "tgiarex2h1.Tests\tgiarex2h1.Tests.csproj", "{6AEE2F8F-7296-4E66-939D-3103454B6334}"
EndProject
Project("{9A19103F-16F7-4668-BE54-9A1E7A4F7556}") = "tgiar2g1UnitTests", "tgiar2g1UnitTests\tgiar2g1UnitTests.csproj", "{99AB3E24-28F5-41B0-8974-F9F1137F7CE5}"
EndProject
Project("{FAE04EC0-301F-11D3-BF4B-00C04F79EFBC}") = "StringMethodsSamp", "StringMethodsSamp\StringMethodsSamp.csproj", "{AEB1977D-F705-4A3F-BBD2-7904D118BBA5}"
EndProject
Project("{FAE04EC0-301F-11D3-BF4B-00C04F79EFBC}") = "tgiar3a1", "tgiar3a1\tgiar3a1.csproj", "{B9B816C8-99CF-40A3-B562-EF4D756C5176}"
EndProject
Project("{FAE04EC0-301F-11D3-BF4B-00C04F79EFBC}") = "tgiar3a1UnitTests", "tgiar3a1UnitTests\tgiar3a1UnitTests.csproj", "{BC89E80F-5122-4A84-8673-738BC371B071}"
EndProject
Project("{FAE04EC0-301F-11D3-BF4B-00C04F79EFBC}") = "tgiar3b1", "tgiar3b1\tgiar3b1.csproj", "{A6850C38-FB72-475A-B4ED-489A09CB2D73}"
EndProject
Project("{FAE04EC0-301F-11D3-BF4B-00C04F79EFBC}") = "tgiar3b1UnitTests", "tgiar3b1UnitTests\tgiar3b1UnitTests.csproj", "{B18A75CA-D05C-4911-B52A-D76D40119D83}"
EndProject
Global
	GlobalSection(SolutionConfigurationPlatforms) = preSolution
		Debug|Any CPU = Debug|Any CPU
		Release|Any CPU = Release|Any CPU
	EndGlobalSection
	GlobalSection(ProjectConfigurationPlatforms) = postSolution
		{9E8F68FD-720A-47C9-9E04-6910D6EA6B45}.Debug|Any CPU.ActiveCfg = Debug|Any CPU
		{9E8F68FD-720A-47C9-9E04-6910D6EA6B45}.Debug|Any CPU.Build.0 = Debug|Any CPU
		{9E8F68FD-720A-47C9-9E04-6910D6EA6B45}.Release|Any CPU.ActiveCfg = Release|Any CPU
		{9E8F68FD-720A-47C9-9E04-6910D6EA6B45}.Release|Any CPU.Build.0 = Release|Any CPU
		{F163B4DB-04A4-467E-9ECD-5CF2EF7CD7DB}.Debug|Any CPU.ActiveCfg = Debug|Any CPU
		{F163B4DB-04A4-467E-9ECD-5CF2EF7CD7DB}.Debug|Any CPU.Build.0 = Debug|Any CPU
		{F163B4DB-04A4-467E-9ECD-5CF2EF7CD7DB}.Release|Any CPU.ActiveCfg = Release|Any CPU
		{F163B4DB-04A4-467E-9ECD-5CF2EF7CD7DB}.Release|Any CPU.Build.0 = Release|Any CPU
		{62A5F645-A14F-40F6-9A79-8BCAA0EA5EFA}.Debug|Any CPU.ActiveCfg = Debug|Any CPU
		{62A5F645-A14F-40F6-9A79-8BCAA0EA5EFA}.Debug|Any CPU.Build.0 = Debug|Any CPU
		{62A5F645-A14F-40F6-9A79-8BCAA0EA5EFA}.Release|Any CPU.ActiveCfg = Release|Any CPU
		{62A5F645-A14F-40F6-9A79-8BCAA0EA5EFA}.Release|Any CPU.Build.0 = Release|Any CPU
		{8F6441A8-5F8F-4324-910A-E8937F1542C3}.Debug|Any CPU.ActiveCfg = Debug|Any CPU
		{8F6441A8-5F8F-4324-910A-E8937F1542C3}.Debug|Any CPU.Build.0 = Debug|Any CPU
		{8F6441A8-5F8F-4324-910A-E8937F1542C3}.Release|Any CPU.ActiveCfg = Release|Any CPU
		{8F6441A8-5F8F-4324-910A-E8937F1542C3}.Release|Any CPU.Build.0 = Release|Any CPU
		{3BEE8D30-1522-4B6A-8708-B85AFBC8A9E6}.Debug|Any CPU.ActiveCfg = Debug|Any CPU
		{3BEE8D30-1522-4B6A-8708-B85AFBC8A9E6}.Debug|Any CPU.Build.0 = Debug|Any CPU
		{3BEE8D30-1522-4B6A-8708-B85AFBC8A9E6}.Release|Any CPU.ActiveCfg = Release|Any CPU
		{3BEE8D30-1522-4B6A-8708-B85AFBC8A9E6}.Release|Any CPU.Build.0 = Release|Any CPU
		{330F83E4-B3FC-4138-BD4A-6484E95B754E}.Debug|Any CPU.ActiveCfg = Debug|Any CPU
		{330F83E4-B3FC-4138-BD4A-6484E95B754E}.Debug|Any CPU.Build.0 = Debug|Any CPU
		{330F83E4-B3FC-4138-BD4A-6484E95B754E}.Release|Any CPU.ActiveCfg = Release|Any CPU
		{330F83E4-B3FC-4138-BD4A-6484E95B754E}.Release|Any CPU.Build.0 = Release|Any CPU
		{21DB2287-D2F9-4E4F-ABAC-96BBEEC1B43E}.Debug|Any CPU.ActiveCfg = Debug|Any CPU
		{21DB2287-D2F9-4E4F-ABAC-96BBEEC1B43E}.Debug|Any CPU.Build.0 = Debug|Any CPU
		{21DB2287-D2F9-4E4F-ABAC-96BBEEC1B43E}.Release|Any CPU.ActiveCfg = Release|Any CPU
		{21DB2287-D2F9-4E4F-ABAC-96BBEEC1B43E}.Release|Any CPU.Build.0 = Release|Any CPU
		{6E199BBB-1E40-4143-930C-149DC8FF172A}.Debug|Any CPU.ActiveCfg = Debug|Any CPU
		{6E199BBB-1E40-4143-930C-149DC8FF172A}.Debug|Any CPU.Build.0 = Debug|Any CPU
		{6E199BBB-1E40-4143-930C-149DC8FF172A}.Release|Any CPU.ActiveCfg = Release|Any CPU
		{6E199BBB-1E40-4143-930C-149DC8FF172A}.Release|Any CPU.Build.0 = Release|Any CPU
		{C3D222AD-8450-4C1F-8EE1-9A758998EBE6}.Debug|Any CPU.ActiveCfg = Debug|Any CPU
		{C3D222AD-8450-4C1F-8EE1-9A758998EBE6}.Debug|Any CPU.Build.0 = Debug|Any CPU
		{C3D222AD-8450-4C1F-8EE1-9A758998EBE6}.Release|Any CPU.ActiveCfg = Release|Any CPU
		{C3D222AD-8450-4C1F-8EE1-9A758998EBE6}.Release|Any CPU.Build.0 = Release|Any CPU
		{25CC4C89-01A2-4FB4-81C1-42A8E92F25A5}.Debug|Any CPU.ActiveCfg = Debug|Any CPU
		{25CC4C89-01A2-4FB4-81C1-42A8E92F25A5}.Debug|Any CPU.Build.0 = Debug|Any CPU
		{25CC4C89-01A2-4FB4-81C1-42A8E92F25A5}.Release|Any CPU.ActiveCfg = Release|Any CPU
		{25CC4C89-01A2-4FB4-81C1-42A8E92F25A5}.Release|Any CPU.Build.0 = Release|Any CPU
		{42BF38A1-C7F8-4969-BC61-85066643EC1C}.Debug|Any CPU.ActiveCfg = Debug|Any CPU
		{42BF38A1-C7F8-4969-BC61-85066643EC1C}.Debug|Any CPU.Build.0 = Debug|Any CPU
		{42BF38A1-C7F8-4969-BC61-85066643EC1C}.Release|Any CPU.ActiveCfg = Release|Any CPU
		{42BF38A1-C7F8-4969-BC61-85066643EC1C}.Release|Any CPU.Build.0 = Release|Any CPU
		{CF925D9B-D4E8-4562-AEB5-86865E81415A}.Debug|Any CPU.ActiveCfg = Debug|Any CPU
		{CF925D9B-D4E8-4562-AEB5-86865E81415A}.Debug|Any CPU.Build.0 = Debug|Any CPU
		{CF925D9B-D4E8-4562-AEB5-86865E81415A}.Release|Any CPU.ActiveCfg = Release|Any CPU
		{CF925D9B-D4E8-4562-AEB5-86865E81415A}.Release|Any CPU.Build.0 = Release|Any CPU
		{E5A74257-946F-491F-BCEC-340FE833B3BC}.Debug|Any CPU.ActiveCfg = Debug|Any CPU
		{E5A74257-946F-491F-BCEC-340FE833B3BC}.Debug|Any CPU.Build.0 = Debug|Any CPU
		{E5A74257-946F-491F-BCEC-340FE833B3BC}.Release|Any CPU.ActiveCfg = Release|Any CPU
		{E5A74257-946F-491F-BCEC-340FE833B3BC}.Release|Any CPU.Build.0 = Release|Any CPU
		{38B0B458-8A43-436F-91FB-714843A1DBD9}.Debug|Any CPU.ActiveCfg = Debug|Any CPU
		{38B0B458-8A43-436F-91FB-714843A1DBD9}.Debug|Any CPU.Build.0 = Debug|Any CPU
		{38B0B458-8A43-436F-91FB-714843A1DBD9}.Release|Any CPU.ActiveCfg = Release|Any CPU
		{38B0B458-8A43-436F-91FB-714843A1DBD9}.Release|Any CPU.Build.0 = Release|Any CPU
		{6581246D-A20A-4CCA-8766-770185C282A0}.Debug|Any CPU.ActiveCfg = Debug|Any CPU
		{6581246D-A20A-4CCA-8766-770185C282A0}.Debug|Any CPU.Build.0 = Debug|Any CPU
		{6581246D-A20A-4CCA-8766-770185C282A0}.Release|Any CPU.ActiveCfg = Release|Any CPU
		{6581246D-A20A-4CCA-8766-770185C282A0}.Release|Any CPU.Build.0 = Release|Any CPU
		{6AEE2F8F-7296-4E66-939D-3103454B6334}.Debug|Any CPU.ActiveCfg = Debug|Any CPU
		{6AEE2F8F-7296-4E66-939D-3103454B6334}.Debug|Any CPU.Build.0 = Debug|Any CPU
		{6AEE2F8F-7296-4E66-939D-3103454B6334}.Release|Any CPU.ActiveCfg = Release|Any CPU
		{6AEE2F8F-7296-4E66-939D-3103454B6334}.Release|Any CPU.Build.0 = Release|Any CPU
		{99AB3E24-28F5-41B0-8974-F9F1137F7CE5}.Debug|Any CPU.ActiveCfg = Debug|Any CPU
		{99AB3E24-28F5-41B0-8974-F9F1137F7CE5}.Debug|Any CPU.Build.0 = Debug|Any CPU
		{99AB3E24-28F5-41B0-8974-F9F1137F7CE5}.Release|Any CPU.ActiveCfg = Release|Any CPU
		{99AB3E24-28F5-41B0-8974-F9F1137F7CE5}.Release|Any CPU.Build.0 = Release|Any CPU
		{AEB1977D-F705-4A3F-BBD2-7904D118BBA5}.Debug|Any CPU.ActiveCfg = Debug|Any CPU
		{AEB1977D-F705-4A3F-BBD2-7904D118BBA5}.Debug|Any CPU.Build.0 = Debug|Any CPU
		{AEB1977D-F705-4A3F-BBD2-7904D118BBA5}.Release|Any CPU.ActiveCfg = Release|Any CPU
		{AEB1977D-F705-4A3F-BBD2-7904D118BBA5}.Release|Any CPU.Build.0 = Release|Any CPU
		{B9B816C8-99CF-40A3-B562-EF4D756C5176}.Debug|Any CPU.ActiveCfg = Debug|Any CPU
		{B9B816C8-99CF-40A3-B562-EF4D756C5176}.Debug|Any CPU.Build.0 = Debug|Any CPU
		{B9B816C8-99CF-40A3-B562-EF4D756C5176}.Release|Any CPU.ActiveCfg = Release|Any CPU
		{B9B816C8-99CF-40A3-B562-EF4D756C5176}.Release|Any CPU.Build.0 = Release|Any CPU
		{BC89E80F-5122-4A84-8673-738BC371B071}.Debug|Any CPU.ActiveCfg = Debug|Any CPU
		{BC89E80F-5122-4A84-8673-738BC371B071}.Debug|Any CPU.Build.0 = Debug|Any CPU
		{BC89E80F-5122-4A84-8673-738BC371B071}.Release|Any CPU.ActiveCfg = Release|Any CPU
		{BC89E80F-5122-4A84-8673-738BC371B071}.Release|Any CPU.Build.0 = Release|Any CPU
		{A6850C38-FB72-475A-B4ED-489A09CB2D73}.Debug|Any CPU.ActiveCfg = Debug|Any CPU
		{A6850C38-FB72-475A-B4ED-489A09CB2D73}.Debug|Any CPU.Build.0 = Debug|Any CPU
		{A6850C38-FB72-475A-B4ED-489A09CB2D73}.Release|Any CPU.ActiveCfg = Release|Any CPU
		{A6850C38-FB72-475A-B4ED-489A09CB2D73}.Release|Any CPU.Build.0 = Release|Any CPU
		{B18A75CA-D05C-4911-B52A-D76D40119D83}.Debug|Any CPU.ActiveCfg = Debug|Any CPU
		{B18A75CA-D05C-4911-B52A-D76D40119D83}.Debug|Any CPU.Build.0 = Debug|Any CPU
		{B18A75CA-D05C-4911-B52A-D76D40119D83}.Release|Any CPU.ActiveCfg = Release|Any CPU
		{B18A75CA-D05C-4911-B52A-D76D40119D83}.Release|Any CPU.Build.0 = Release|Any CPU
	EndGlobalSection
	GlobalSection(SolutionProperties) = preSolution
		HideSolutionNode = FALSE
	EndGlobalSection
	GlobalSection(ExtensibilityGlobals) = postSolution
		SolutionGuid = {691C2AD3-39D7-4115-9DE2-51278060F916}
	EndGlobalSection
EndGlobal
