
Microsoft Visual Studio Solution File, Format Version 12.00
# Visual Studio Version 16
VisualStudioVersion = 16.0.31613.86
MinimumVisualStudioVersion = 10.0.40219.1
Project("{FAE04EC0-301F-11D3-BF4B-00C04F79EFBC}") = "tgiar1730ex1b", "tgiar1730ex1b\tgiar1730ex1b.csproj", "{9E8F68FD-720A-47C9-9E04-6910D6EA6B45}"
EndProject
Project("{FAE04EC0-301F-11D3-BF4B-00C04F79EFBC}") = "tgiar1c1", "tgiar1c1\tgiar1c1.csproj", "{F163B4DB-04A4-467E-9ECD-5CF2EF7CD7DB}"
EndProject
Project("{FAE04EC0-301F-11D3-BF4B-00C04F79EFBC}") = "tgiar1d1", "tgiar1d1\tgiar1d1.csproj", "{62A5F645-A14F-40F6-9A79-8BCAA0EA5EFA}"
EndProject
Global
	GlobalSection(SolutionConfigurationPlatforms) = preSolution
		Debug|Any CPU = Debug|Any CPU
		Release|Any CPU = Release|Any CPU
	EndGlobalSection
	GlobalSection(ProjectConfigurationPlatforms) = postSolution
		{9E8F68FD-720A-47C9-9E04-6910D6EA6B45}.Debug|Any CPU.ActiveCfg = Debug|Any CPU
		{9E8F68FD-720A-47C9-9E04-6910D6EA6B45}.Debug|Any CPU.Build.0 = Debug|Any CPU
		{9E8F68FD-720A-47C9-9E04-6910D6EA6B45}.Release|Any CPU.ActiveCfg = Release|Any CPU
		{9E8F68FD-720A-47C9-9E04-6910D6EA6B45}.Release|Any CPU.Build.0 = Release|Any CPU
		{F163B4DB-04A4-467E-9ECD-5CF2EF7CD7DB}.Debug|Any CPU.ActiveCfg = Debug|Any CPU
		{F163B4DB-04A4-467E-9ECD-5CF2EF7CD7DB}.Debug|Any CPU.Build.0 = Debug|Any CPU
		{F163B4DB-04A4-467E-9ECD-5CF2EF7CD7DB}.Release|Any CPU.ActiveCfg = Release|Any CPU
		{F163B4DB-04A4-467E-9ECD-5CF2EF7CD7DB}.Release|Any CPU.Build.0 = Release|Any CPU
		{62A5F645-A14F-40F6-9A79-8BCAA0EA5EFA}.Debug|Any CPU.ActiveCfg = Debug|Any CPU
		{62A5F645-A14F-40F6-9A79-8BCAA0EA5EFA}.Debug|Any CPU.Build.0 = Debug|Any CPU
		{62A5F645-A14F-40F6-9A79-8BCAA0EA5EFA}.Release|Any CPU.ActiveCfg = Release|Any CPU
		{62A5F645-A14F-40F6-9A79-8BCAA0EA5EFA}.Release|Any CPU.Build.0 = Release|Any CPU
	EndGlobalSection
	GlobalSection(SolutionProperties) = preSolution
		HideSolutionNode = FALSE
	EndGlobalSection
	GlobalSection(ExtensibilityGlobals) = postSolution
		SolutionGuid = {691C2AD3-39D7-4115-9DE2-51278060F916}
	EndGlobalSection
EndGlobal
