
Microsoft Visual Studio Solution File, Format Version 12.00
# Visual Studio Version 16
VisualStudioVersion = 16.0.31613.86
MinimumVisualStudioVersion = 10.0.40219.1
Project("{FAE04EC0-301F-11D3-BF4B-00C04F79EFBC}") = "tgiar1730ex1b", "tgiar1730ex1b\tgiar1730ex1b.csproj", "{9E8F68FD-720A-47C9-9E04-6910D6EA6B45}"
EndProject
Project("{FAE04EC0-301F-11D3-BF4B-00C04F79EFBC}") = "tgiar1c1", "tgiar1c1\tgiar1c1.csproj", "{F163B4DB-04A4-467E-9ECD-5CF2EF7CD7DB}"
EndProject
Project("{FAE04EC0-301F-11D3-BF4B-00C04F79EFBC}") = "tgiar1d1", "tgiar1d1\tgiar1d1.csproj", "{62A5F645-A14F-40F6-9A79-8BCAA0EA5EFA}"
EndProject
Project("{FAE04EC0-301F-11D3-BF4B-00C04F79EFBC}") = "tgiar1e1", "tgiar1e1\tgiar1e1.csproj", "{8F6441A8-5F8F-4324-910A-E8937F1542C3}"
EndProject
Project("{FAE04EC0-301F-11D3-BF4B-00C04F79EFBC}") = "tgiar1f1", "tgiar1f\tgiar1f1.csproj", "{3BEE8D30-1522-4B6A-8708-B85AFBC8A9E6}"
EndProject
Project("{FAE04EC0-301F-11D3-BF4B-00C04F79EFBC}") = "variableSamp", "variableSamp\variableSamp.csproj", "{330F83E4-B3FC-4138-BD4A-6484E95B754E}"
EndProject
Project("{FAE04EC0-301F-11D3-BF4B-00C04F79EFBC}") = "tgiar2a1", "tgiar2a1\tgiar2a1.csproj", "{21DB2287-D2F9-4E4F-ABAC-96BBEEC1B43E}"
EndProject
Project("{FAE04EC0-301F-11D3-BF4B-00C04F79EFBC}") = "tgiar2b1", "tgiar2b1\tgiar2b1.csproj", "{6E199BBB-1E40-4143-930C-149DC8FF172A}"
EndProject
Project("{FAE04EC0-301F-11D3-BF4B-00C04F79EFBC}") = "tgiar2d1", "tgiar2d1\tgiar2d1.csproj", "{C3D222AD-8450-4C1F-8EE1-9A758998EBE6}"
EndProject
Project("{FAE04EC0-301F-11D3-BF4B-00C04F79EFBC}") = "tgiar2E1", "tgiar2E1\tgiar2E1.csproj", "{25CC4C89-01A2-4FB4-81C1-42A8E92F25A5}"
EndProject
Global
	GlobalSection(SolutionConfigurationPlatforms) = preSolution
		Debug|Any CPU = Debug|Any CPU
		Release|Any CPU = Release|Any CPU
	EndGlobalSection
	GlobalSection(ProjectConfigurationPlatforms) = postSolution
		{9E8F68FD-720A-47C9-9E04-6910D6EA6B45}.Debug|Any CPU.ActiveCfg = Debug|Any CPU
		{9E8F68FD-720A-47C9-9E04-6910D6EA6B45}.Debug|Any CPU.Build.0 = Debug|Any CPU
		{9E8F68FD-720A-47C9-9E04-6910D6EA6B45}.Release|Any CPU.ActiveCfg = Release|Any CPU
		{9E8F68FD-720A-47C9-9E04-6910D6EA6B45}.Release|Any CPU.Build.0 = Release|Any CPU
		{F163B4DB-04A4-467E-9ECD-5CF2EF7CD7DB}.Debug|Any CPU.ActiveCfg = Debug|Any CPU
		{F163B4DB-04A4-467E-9ECD-5CF2EF7CD7DB}.Debug|Any CPU.Build.0 = Debug|Any CPU
		{F163B4DB-04A4-467E-9ECD-5CF2EF7CD7DB}.Release|Any CPU.ActiveCfg = Release|Any CPU
		{F163B4DB-04A4-467E-9ECD-5CF2EF7CD7DB}.Release|Any CPU.Build.0 = Release|Any CPU
		{62A5F645-A14F-40F6-9A79-8BCAA0EA5EFA}.Debug|Any CPU.ActiveCfg = Debug|Any CPU
		{62A5F645-A14F-40F6-9A79-8BCAA0EA5EFA}.Debug|Any CPU.Build.0 = Debug|Any CPU
		{62A5F645-A14F-40F6-9A79-8BCAA0EA5EFA}.Release|Any CPU.ActiveCfg = Release|Any CPU
		{62A5F645-A14F-40F6-9A79-8BCAA0EA5EFA}.Release|Any CPU.Build.0 = Release|Any CPU
		{8F6441A8-5F8F-4324-910A-E8937F1542C3}.Debug|Any CPU.ActiveCfg = Debug|Any CPU
		{8F6441A8-5F8F-4324-910A-E8937F1542C3}.Debug|Any CPU.Build.0 = Debug|Any CPU
		{8F6441A8-5F8F-4324-910A-E8937F1542C3}.Release|Any CPU.ActiveCfg = Release|Any CPU
		{8F6441A8-5F8F-4324-910A-E8937F1542C3}.Release|Any CPU.Build.0 = Release|Any CPU
		{3BEE8D30-1522-4B6A-8708-B85AFBC8A9E6}.Debug|Any CPU.ActiveCfg = Debug|Any CPU
		{3BEE8D30-1522-4B6A-8708-B85AFBC8A9E6}.Debug|Any CPU.Build.0 = Debug|Any CPU
		{3BEE8D30-1522-4B6A-8708-B85AFBC8A9E6}.Release|Any CPU.ActiveCfg = Release|Any CPU
		{3BEE8D30-1522-4B6A-8708-B85AFBC8A9E6}.Release|Any CPU.Build.0 = Release|Any CPU
		{330F83E4-B3FC-4138-BD4A-6484E95B754E}.Debug|Any CPU.ActiveCfg = Debug|Any CPU
		{330F83E4-B3FC-4138-BD4A-6484E95B754E}.Debug|Any CPU.Build.0 = Debug|Any CPU
		{330F83E4-B3FC-4138-BD4A-6484E95B754E}.Release|Any CPU.ActiveCfg = Release|Any CPU
		{330F83E4-B3FC-4138-BD4A-6484E95B754E}.Release|Any CPU.Build.0 = Release|Any CPU
		{21DB2287-D2F9-4E4F-ABAC-96BBEEC1B43E}.Debug|Any CPU.ActiveCfg = Debug|Any CPU
		{21DB2287-D2F9-4E4F-ABAC-96BBEEC1B43E}.Debug|Any CPU.Build.0 = Debug|Any CPU
		{21DB2287-D2F9-4E4F-ABAC-96BBEEC1B43E}.Release|Any CPU.ActiveCfg = Release|Any CPU
		{21DB2287-D2F9-4E4F-ABAC-96BBEEC1B43E}.Release|Any CPU.Build.0 = Release|Any CPU
		{6E199BBB-1E40-4143-930C-149DC8FF172A}.Debug|Any CPU.ActiveCfg = Debug|Any CPU
		{6E199BBB-1E40-4143-930C-149DC8FF172A}.Debug|Any CPU.Build.0 = Debug|Any CPU
		{6E199BBB-1E40-4143-930C-149DC8FF172A}.Release|Any CPU.ActiveCfg = Release|Any CPU
		{6E199BBB-1E40-4143-930C-149DC8FF172A}.Release|Any CPU.Build.0 = Release|Any CPU
		{C3D222AD-8450-4C1F-8EE1-9A758998EBE6}.Debug|Any CPU.ActiveCfg = Debug|Any CPU
		{C3D222AD-8450-4C1F-8EE1-9A758998EBE6}.Debug|Any CPU.Build.0 = Debug|Any CPU
		{C3D222AD-8450-4C1F-8EE1-9A758998EBE6}.Release|Any CPU.ActiveCfg = Release|Any CPU
		{C3D222AD-8450-4C1F-8EE1-9A758998EBE6}.Release|Any CPU.Build.0 = Release|Any CPU
		{25CC4C89-01A2-4FB4-81C1-42A8E92F25A5}.Debug|Any CPU.ActiveCfg = Debug|Any CPU
		{25CC4C89-01A2-4FB4-81C1-42A8E92F25A5}.Debug|Any CPU.Build.0 = Debug|Any CPU
		{25CC4C89-01A2-4FB4-81C1-42A8E92F25A5}.Release|Any CPU.ActiveCfg = Release|Any CPU
		{25CC4C89-01A2-4FB4-81C1-42A8E92F25A5}.Release|Any CPU.Build.0 = Release|Any CPU
	EndGlobalSection
	GlobalSection(SolutionProperties) = preSolution
		HideSolutionNode = FALSE
	EndGlobalSection
	GlobalSection(ExtensibilityGlobals) = postSolution
		SolutionGuid = {691C2AD3-39D7-4115-9DE2-51278060F916}
	EndGlobalSection
EndGlobal
